
Microsoft Visual Studio Solution File, Format Version 12.00
# Visual Studio Version 16
VisualStudioVersion = 16.0.31112.23
MinimumVisualStudioVersion = 10.0.40219.1
Project("{8BC9CEB8-8B4A-11D0-8D11-00A0C91BC942}") = "MarkosoftEngine", "MarkosoftEngine.vcxproj", "{6A755E39-2C03-4DA4-AC3D-11D518FA897B}"
EndProject
Project("{8BC9CEB8-8B4A-11D0-8D11-00A0C91BC942}") = "Game", "Game\Game.vcxproj", "{00D5883A-2CDD-4C35-A199-05D2CEC1AAC3}"
	ProjectSection(ProjectDependencies) = postProject
		{6A755E39-2C03-4DA4-AC3D-11D518FA897B} = {6A755E39-2C03-4DA4-AC3D-11D518FA897B}
	EndProjectSection
EndProject
Global
	GlobalSection(SolutionConfigurationPlatforms) = preSolution
		Debug|x64 = Debug|x64
		Debug|x86 = Debug|x86
		Release|x64 = Release|x64
		Release|x86 = Release|x86
	EndGlobalSection
	GlobalSection(ProjectConfigurationPlatforms) = postSolution
		{6A755E39-2C03-4DA4-AC3D-11D518FA897B}.Debug|x64.ActiveCfg = Debug|x64
		{6A755E39-2C03-4DA4-AC3D-11D518FA897B}.Debug|x64.Build.0 = Debug|x64
		{6A755E39-2C03-4DA4-AC3D-11D518FA897B}.Debug|x86.ActiveCfg = Debug|Win32
		{6A755E39-2C03-4DA4-AC3D-11D518FA897B}.Debug|x86.Build.0 = Debug|Win32
		{6A755E39-2C03-4DA4-AC3D-11D518FA897B}.Release|x64.ActiveCfg = Release|x64
		{6A755E39-2C03-4DA4-AC3D-11D518FA897B}.Release|x64.Build.0 = Release|x64
		{6A755E39-2C03-4DA4-AC3D-11D518FA897B}.Release|x86.ActiveCfg = Release|Win32
		{6A755E39-2C03-4DA4-AC3D-11D518FA897B}.Release|x86.Build.0 = Release|Win32
		{00D5883A-2CDD-4C35-A199-05D2CEC1AAC3}.Debug|x64.ActiveCfg = Debug|x64
		{00D5883A-2CDD-4C35-A199-05D2CEC1AAC3}.Debug|x64.Build.0 = Debug|x64
		{00D5883A-2CDD-4C35-A199-05D2CEC1AAC3}.Debug|x86.ActiveCfg = Debug|Win32
		{00D5883A-2CDD-4C35-A199-05D2CEC1AAC3}.Debug|x86.Build.0 = Debug|Win32
		{00D5883A-2CDD-4C35-A199-05D2CEC1AAC3}.Release|x64.ActiveCfg = Release|x64
		{00D5883A-2CDD-4C35-A199-05D2CEC1AAC3}.Release|x64.Build.0 = Release|x64
		{00D5883A-2CDD-4C35-A199-05D2CEC1AAC3}.Release|x86.ActiveCfg = Release|Win32
		{00D5883A-2CDD-4C35-A199-05D2CEC1AAC3}.Release|x86.Build.0 = Release|Win32
	EndGlobalSection
	GlobalSection(SolutionProperties) = preSolution
		HideSolutionNode = FALSE
	EndGlobalSection
	GlobalSection(ExtensibilityGlobals) = postSolution
		SolutionGuid = {ED1C6DDC-3049-4EC8-9371-354045709437}
	EndGlobalSection
EndGlobal
